{
  "name": "home",
  "lockfileVersion": 2,
  "requires": true,
  "packages": {
    "": {
      "dependencies": {
        "cards": "^1.1.0",
        "syncprompt": "^2.0.0"
      }
    },
    "node_modules/bindings": {
      "version": "1.5.0",
      "resolved": "https://registry.npmjs.org/bindings/-/bindings-1.5.0.tgz",
      "integrity": "sha512-p2q/t/mhvuOj/UeLlV6566GD/guowlr0hHxClI0W9m7MWYkL1F0hLo+0Aexs9HSPCtR1SXQ0TD3MMKrXZajbiQ==",
      "dependencies": {
        "file-uri-to-path": "1.0.0"
      }
    },
    "node_modules/cards": {
      "version": "1.1.0",
      "resolved": "https://registry.npmjs.org/cards/-/cards-1.1.0.tgz",
      "integrity": "sha512-tH81OBDEE/gYjvQPj9pdH7iAWyq5JJFXEko5Z98k31NejYU2vspTUrQsuVvDzcW/46ru2fbFRKioAHaGuufD4w==",
      "dependencies": {
        "rand-utils": "^1.0.0"
      }
    },
    "node_modules/file-uri-to-path": {
      "version": "1.0.0",
      "resolved": "https://registry.npmjs.org/file-uri-to-path/-/file-uri-to-path-1.0.0.tgz",
      "integrity": "sha512-0Zt+s3L7Vf1biwWZ29aARiVYLx7iMGnEUl9x33fbB/j3jR81u/O2LbqK+Bm1CDSNDKVtJ/YjwY7TUd5SkeLQLw=="
    },
    "node_modules/nan": {
      "version": "2.15.0",
      "resolved": "https://registry.npmjs.org/nan/-/nan-2.15.0.tgz",
      "integrity": "sha512-8ZtvEnA2c5aYCZYd1cvgdnU6cqwixRoYg70xPLWUws5ORTa/lnw+u4amixRS/Ac5U5mQVgp9pnlSUnbNWFaWZQ=="
    },
    "node_modules/rand-utils": {
      "version": "1.0.0",
      "resolved": "https://registry.npmjs.org/rand-utils/-/rand-utils-1.0.0.tgz",
      "integrity": "sha1-PTu5IBVmzpFFDNN0oAgOee1oMyg=",
      "engines": {
        "node": ">=4.0.0"
      }
    },
    "node_modules/syncprompt": {
      "version": "2.0.0",
      "resolved": "https://registry.npmjs.org/syncprompt/-/syncprompt-2.0.0.tgz",
      "integrity": "sha512-tPYCsLGWTDRlET7cen2iAwbmO+lSwfIdKoLkUPC41t/54UhqbzpwXL4RhODu5fQnmZdQZlEFKeD0W/BysU5WEg==",
      "hasInstallScript": true,
      "dependencies": {
        "bindings": "^1.2.1",
        "nan": "^2.4.0"
      }
    }
  },
  "dependencies": {
    "bindings": {
      "version": "1.5.0",
      "resolved": "https://registry.npmjs.org/bindings/-/bindings-1.5.0.tgz",
      "integrity": "sha512-p2q/t/mhvuOj/UeLlV6566GD/guowlr0hHxClI0W9m7MWYkL1F0hLo+0Aexs9HSPCtR1SXQ0TD3MMKrXZajbiQ==",
      "requires": {
        "file-uri-to-path": "1.0.0"
      }
    },
    "cards": {
      "version": "1.1.0",
      "resolved": "https://registry.npmjs.org/cards/-/cards-1.1.0.tgz",
      "integrity": "sha512-tH81OBDEE/gYjvQPj9pdH7iAWyq5JJFXEko5Z98k31NejYU2vspTUrQsuVvDzcW/46ru2fbFRKioAHaGuufD4w==",
      "requires": {
        "rand-utils": "^1.0.0"
      }
    },
    "file-uri-to-path": {
      "version": "1.0.0",
      "resolved": "https://registry.npmjs.org/file-uri-to-path/-/file-uri-to-path-1.0.0.tgz",
      "integrity": "sha512-0Zt+s3L7Vf1biwWZ29aARiVYLx7iMGnEUl9x33fbB/j3jR81u/O2LbqK+Bm1CDSNDKVtJ/YjwY7TUd5SkeLQLw=="
    },
    "nan": {
      "version": "2.15.0",
      "resolved": "https://registry.npmjs.org/nan/-/nan-2.15.0.tgz",
      "integrity": "sha512-8ZtvEnA2c5aYCZYd1cvgdnU6cqwixRoYg70xPLWUws5ORTa/lnw+u4amixRS/Ac5U5mQVgp9pnlSUnbNWFaWZQ=="
    },
    "rand-utils": {
      "version": "1.0.0",
      "resolved": "https://registry.npmjs.org/rand-utils/-/rand-utils-1.0.0.tgz",
      "integrity": "sha1-PTu5IBVmzpFFDNN0oAgOee1oMyg="
    },
    "syncprompt": {
      "version": "2.0.0",
      "resolved": "https://registry.npmjs.org/syncprompt/-/syncprompt-2.0.0.tgz",
      "integrity": "sha512-tPYCsLGWTDRlET7cen2iAwbmO+lSwfIdKoLkUPC41t/54UhqbzpwXL4RhODu5fQnmZdQZlEFKeD0W/BysU5WEg==",
      "requires": {
        "bindings": "^1.2.1",
        "nan": "^2.4.0"
      }
    }
  }
}
